// !$*UTF8*$!
{
	archiveVersion = 1;
	classes = {
	};
	objectVersion = 55;
	objects = {

/* Begin PBXBuildFile section */
		2388FFD66B509B138E88004B /* Pods_Taxi.framework in Frameworks */ = {isa = PBXBuildFile; fileRef = 7315D42EFE9C9FFADE7C6BAD /* Pods_Taxi.framework */; };
		4D3EA2E7277799D400CC8BDB /* Lato-Italic.ttf in Resources */ = {isa = PBXBuildFile; fileRef = 4D3EA2DC277799D400CC8BDB /* Lato-Italic.ttf */; };
		4D3EA2E8277799D400CC8BDB /* Lato-LightItalic.ttf in Resources */ = {isa = PBXBuildFile; fileRef = 4D3EA2DD277799D400CC8BDB /* Lato-LightItalic.ttf */; };
		4D3EA2E9277799D400CC8BDB /* Lato-Thin.ttf in Resources */ = {isa = PBXBuildFile; fileRef = 4D3EA2DE277799D400CC8BDB /* Lato-Thin.ttf */; };
		4D3EA2EA277799D400CC8BDB /* Lato-Bold.ttf in Resources */ = {isa = PBXBuildFile; fileRef = 4D3EA2DF277799D400CC8BDB /* Lato-Bold.ttf */; };
		4D3EA2EB277799D400CC8BDB /* Lato-Black.ttf in Resources */ = {isa = PBXBuildFile; fileRef = 4D3EA2E0277799D400CC8BDB /* Lato-Black.ttf */; };
		4D3EA2EC277799D400CC8BDB /* Lato-Regular.ttf in Resources */ = {isa = PBXBuildFile; fileRef = 4D3EA2E1277799D400CC8BDB /* Lato-Regular.ttf */; };
		4D3EA2ED277799D400CC8BDB /* Lato-BlackItalic.ttf in Resources */ = {isa = PBXBuildFile; fileRef = 4D3EA2E2277799D400CC8BDB /* Lato-BlackItalic.ttf */; };
		4D3EA2EE277799D400CC8BDB /* OFL.txt in Resources */ = {isa = PBXBuildFile; fileRef = 4D3EA2E3277799D400CC8BDB /* OFL.txt */; };
		4D3EA2EF277799D400CC8BDB /* Lato-BoldItalic.ttf in Resources */ = {isa = PBXBuildFile; fileRef = 4D3EA2E4277799D400CC8BDB /* Lato-BoldItalic.ttf */; };
		4D3EA2F0277799D400CC8BDB /* Lato-Light.ttf in Resources */ = {isa = PBXBuildFile; fileRef = 4D3EA2E5277799D400CC8BDB /* Lato-Light.ttf */; };
		4D3EA2F1277799D400CC8BDB /* Lato-ThinItalic.ttf in Resources */ = {isa = PBXBuildFile; fileRef = 4D3EA2E6277799D400CC8BDB /* Lato-ThinItalic.ttf */; };
		4D3EA2F527779A9400CC8BDB /* Lato-Medium.ttf in Resources */ = {isa = PBXBuildFile; fileRef = 4D3EA2F327779A9400CC8BDB /* Lato-Medium.ttf */; };
		4D4EC8B2276D1C650002F83F /* HighlightButton.swift in Sources */ = {isa = PBXBuildFile; fileRef = 4D4EC8B1276D1C650002F83F /* HighlightButton.swift */; };
		4D4EC8B6276D1FEA0002F83F /* LocationDM.swift in Sources */ = {isa = PBXBuildFile; fileRef = 4D4EC8B5276D1FEA0002F83F /* LocationDM.swift */; };
		4D4EC8BA276D27E80002F83F /* LocationManager.swift in Sources */ = {isa = PBXBuildFile; fileRef = 4D4EC8B9276D27E80002F83F /* LocationManager.swift */; };
		4D4EC8BC276D28280002F83F /* MainVC.swift in Sources */ = {isa = PBXBuildFile; fileRef = 4D4EC8BB276D28280002F83F /* MainVC.swift */; };
		4D4EC8C0276D2C620002F83F /* Constant.swift in Sources */ = {isa = PBXBuildFile; fileRef = 4D4EC8BF276D2C610002F83F /* Constant.swift */; };
		4D74CA48276E744B004E27EB /* SideBarVC.swift in Sources */ = {isa = PBXBuildFile; fileRef = 4D74CA46276E744B004E27EB /* SideBarVC.swift */; };
		4D74CA49276E744B004E27EB /* SideBarVC.xib in Resources */ = {isa = PBXBuildFile; fileRef = 4D74CA47276E744B004E27EB /* SideBarVC.xib */; };
		4D74CA4B276EC4B3004E27EB /* TripHistoryVC.swift in Sources */ = {isa = PBXBuildFile; fileRef = 4D74CA4A276EC4B3004E27EB /* TripHistoryVC.swift */; };
		4D74CA4F276EC637004E27EB /* TripHistoryTVC.swift in Sources */ = {isa = PBXBuildFile; fileRef = 4D74CA4D276EC637004E27EB /* TripHistoryTVC.swift */; };
		4D74CA50276EC637004E27EB /* TripHistoryTVC.xib in Resources */ = {isa = PBXBuildFile; fileRef = 4D74CA4E276EC637004E27EB /* TripHistoryTVC.xib */; };
		4D74CA53276F2BFA004E27EB /* TripDetailVC.swift in Sources */ = {isa = PBXBuildFile; fileRef = 4D74CA51276F2BFA004E27EB /* TripDetailVC.swift */; };
		4D74CA54276F2BFA004E27EB /* TripDetailVC.xib in Resources */ = {isa = PBXBuildFile; fileRef = 4D74CA52276F2BFA004E27EB /* TripDetailVC.xib */; };
		4DA9CB9D276C2A2800EB8C61 /* AppDelegate.swift in Sources */ = {isa = PBXBuildFile; fileRef = 4DA9CB9C276C2A2800EB8C61 /* AppDelegate.swift */; };
		4DA9CBA6276C2A2A00EB8C61 /* Assets.xcassets in Resources */ = {isa = PBXBuildFile; fileRef = 4DA9CBA5276C2A2A00EB8C61 /* Assets.xcassets */; };
		4DA9CBA9276C2A2A00EB8C61 /* LaunchScreen.storyboard in Resources */ = {isa = PBXBuildFile; fileRef = 4DA9CBA7276C2A2A00EB8C61 /* LaunchScreen.storyboard */; };
		4DA9CBB3276C2A9000EB8C61 /* MainVC.xib in Resources */ = {isa = PBXBuildFile; fileRef = 4DA9CBB1276C2A9000EB8C61 /* MainVC.xib */; };
		4DA9CBB9276C3D4100EB8C61 /* Extension.swift in Sources */ = {isa = PBXBuildFile; fileRef = 4DA9CBB8276C3D4000EB8C61 /* Extension.swift */; };
		4DFA23A22773662E00B01D2F /* TripDetailChildVC.swift in Sources */ = {isa = PBXBuildFile; fileRef = 4DFA23A02773662E00B01D2F /* TripDetailChildVC.swift */; };
		4DFA23A32773662E00B01D2F /* TripDetailChildVC.xib in Resources */ = {isa = PBXBuildFile; fileRef = 4DFA23A12773662E00B01D2F /* TripDetailChildVC.xib */; };
/* End PBXBuildFile section */

/* Begin PBXFileReference section */
		3A9C5436C6FC9103088317E6 /* Pods-Taxi.release.xcconfig */ = {isa = PBXFileReference; includeInIndex = 1; lastKnownFileType = text.xcconfig; name = "Pods-Taxi.release.xcconfig"; path = "Target Support Files/Pods-Taxi/Pods-Taxi.release.xcconfig"; sourceTree = "<group>"; };
		4D00D1C027779E1300F403DE /* Lato-Semibold.ttf */ = {isa = PBXFileReference; lastKnownFileType = file; path = "Lato-Semibold.ttf"; sourceTree = "<group>"; };
		4D3EA2DC277799D400CC8BDB /* Lato-Italic.ttf */ = {isa = PBXFileReference; lastKnownFileType = file; path = "Lato-Italic.ttf"; sourceTree = "<group>"; };
		4D3EA2DD277799D400CC8BDB /* Lato-LightItalic.ttf */ = {isa = PBXFileReference; lastKnownFileType = file; path = "Lato-LightItalic.ttf"; sourceTree = "<group>"; };
		4D3EA2DE277799D400CC8BDB /* Lato-Thin.ttf */ = {isa = PBXFileReference; lastKnownFileType = file; path = "Lato-Thin.ttf"; sourceTree = "<group>"; };
		4D3EA2DF277799D400CC8BDB /* Lato-Bold.ttf */ = {isa = PBXFileReference; lastKnownFileType = file; path = "Lato-Bold.ttf"; sourceTree = "<group>"; };
		4D3EA2E0277799D400CC8BDB /* Lato-Black.ttf */ = {isa = PBXFileReference; lastKnownFileType = file; path = "Lato-Black.ttf"; sourceTree = "<group>"; };
		4D3EA2E1277799D400CC8BDB /* Lato-Regular.ttf */ = {isa = PBXFileReference; lastKnownFileType = file; path = "Lato-Regular.ttf"; sourceTree = "<group>"; };
		4D3EA2E2277799D400CC8BDB /* Lato-BlackItalic.ttf */ = {isa = PBXFileReference; lastKnownFileType = file; path = "Lato-BlackItalic.ttf"; sourceTree = "<group>"; };
		4D3EA2E3277799D400CC8BDB /* OFL.txt */ = {isa = PBXFileReference; fileEncoding = 4; lastKnownFileType = text; path = OFL.txt; sourceTree = "<group>"; };
		4D3EA2E4277799D400CC8BDB /* Lato-BoldItalic.ttf */ = {isa = PBXFileReference; lastKnownFileType = file; path = "Lato-BoldItalic.ttf"; sourceTree = "<group>"; };
		4D3EA2E5277799D400CC8BDB /* Lato-Light.ttf */ = {isa = PBXFileReference; lastKnownFileType = file; path = "Lato-Light.ttf"; sourceTree = "<group>"; };
		4D3EA2E6277799D400CC8BDB /* Lato-ThinItalic.ttf */ = {isa = PBXFileReference; lastKnownFileType = file; path = "Lato-ThinItalic.ttf"; sourceTree = "<group>"; };
		4D3EA2F327779A9400CC8BDB /* Lato-Medium.ttf */ = {isa = PBXFileReference; lastKnownFileType = file; path = "Lato-Medium.ttf"; sourceTree = "<group>"; };
		4D4EC8B1276D1C650002F83F /* HighlightButton.swift */ = {isa = PBXFileReference; lastKnownFileType = sourcecode.swift; path = HighlightButton.swift; sourceTree = "<group>"; };
		4D4EC8B5276D1FEA0002F83F /* LocationDM.swift */ = {isa = PBXFileReference; lastKnownFileType = sourcecode.swift; path = LocationDM.swift; sourceTree = "<group>"; };
		4D4EC8B9276D27E80002F83F /* LocationManager.swift */ = {isa = PBXFileReference; fileEncoding = 4; lastKnownFileType = sourcecode.swift; path = LocationManager.swift; sourceTree = "<group>"; };
		4D4EC8BB276D28280002F83F /* MainVC.swift */ = {isa = PBXFileReference; fileEncoding = 4; lastKnownFileType = sourcecode.swift; path = MainVC.swift; sourceTree = "<group>"; };
		4D4EC8BF276D2C610002F83F /* Constant.swift */ = {isa = PBXFileReference; lastKnownFileType = sourcecode.swift; path = Constant.swift; sourceTree = "<group>"; };
		4D74CA46276E744B004E27EB /* SideBarVC.swift */ = {isa = PBXFileReference; fileEncoding = 4; lastKnownFileType = sourcecode.swift; path = SideBarVC.swift; sourceTree = "<group>"; };
		4D74CA47276E744B004E27EB /* SideBarVC.xib */ = {isa = PBXFileReference; fileEncoding = 4; lastKnownFileType = file.xib; path = SideBarVC.xib; sourceTree = "<group>"; };
		4D74CA4A276EC4B3004E27EB /* TripHistoryVC.swift */ = {isa = PBXFileReference; lastKnownFileType = sourcecode.swift; path = TripHistoryVC.swift; sourceTree = "<group>"; };
		4D74CA4D276EC637004E27EB /* TripHistoryTVC.swift */ = {isa = PBXFileReference; lastKnownFileType = sourcecode.swift; path = TripHistoryTVC.swift; sourceTree = "<group>"; };
		4D74CA4E276EC637004E27EB /* TripHistoryTVC.xib */ = {isa = PBXFileReference; lastKnownFileType = file.xib; path = TripHistoryTVC.xib; sourceTree = "<group>"; };
		4D74CA51276F2BFA004E27EB /* TripDetailVC.swift */ = {isa = PBXFileReference; lastKnownFileType = sourcecode.swift; path = TripDetailVC.swift; sourceTree = "<group>"; };
		4D74CA52276F2BFA004E27EB /* TripDetailVC.xib */ = {isa = PBXFileReference; lastKnownFileType = file.xib; path = TripDetailVC.xib; sourceTree = "<group>"; };
		4DA9CB99276C2A2800EB8C61 /* Taxi.app */ = {isa = PBXFileReference; explicitFileType = wrapper.application; includeInIndex = 0; path = Taxi.app; sourceTree = BUILT_PRODUCTS_DIR; };
		4DA9CB9C276C2A2800EB8C61 /* AppDelegate.swift */ = {isa = PBXFileReference; lastKnownFileType = sourcecode.swift; path = AppDelegate.swift; sourceTree = "<group>"; };
		4DA9CBA5276C2A2A00EB8C61 /* Assets.xcassets */ = {isa = PBXFileReference; lastKnownFileType = folder.assetcatalog; path = Assets.xcassets; sourceTree = "<group>"; };
		4DA9CBA8276C2A2A00EB8C61 /* Base */ = {isa = PBXFileReference; lastKnownFileType = file.storyboard; name = Base; path = Base.lproj/LaunchScreen.storyboard; sourceTree = "<group>"; };
		4DA9CBAA276C2A2A00EB8C61 /* Info.plist */ = {isa = PBXFileReference; lastKnownFileType = text.plist.xml; path = Info.plist; sourceTree = "<group>"; };
		4DA9CBB1276C2A9000EB8C61 /* MainVC.xib */ = {isa = PBXFileReference; lastKnownFileType = file.xib; path = MainVC.xib; sourceTree = "<group>"; };
		4DA9CBB8276C3D4000EB8C61 /* Extension.swift */ = {isa = PBXFileReference; lastKnownFileType = sourcecode.swift; path = Extension.swift; sourceTree = "<group>"; };
		4DFA23A02773662E00B01D2F /* TripDetailChildVC.swift */ = {isa = PBXFileReference; lastKnownFileType = sourcecode.swift; path = TripDetailChildVC.swift; sourceTree = "<group>"; };
		4DFA23A12773662E00B01D2F /* TripDetailChildVC.xib */ = {isa = PBXFileReference; lastKnownFileType = file.xib; path = TripDetailChildVC.xib; sourceTree = "<group>"; };
		56098BA7ADBA5871DF622AAD /* Pods-Taxi.debug.xcconfig */ = {isa = PBXFileReference; includeInIndex = 1; lastKnownFileType = text.xcconfig; name = "Pods-Taxi.debug.xcconfig"; path = "Target Support Files/Pods-Taxi/Pods-Taxi.debug.xcconfig"; sourceTree = "<group>"; };
		7315D42EFE9C9FFADE7C6BAD /* Pods_Taxi.framework */ = {isa = PBXFileReference; explicitFileType = wrapper.framework; includeInIndex = 0; path = Pods_Taxi.framework; sourceTree = BUILT_PRODUCTS_DIR; };
/* End PBXFileReference section */

/* Begin PBXFrameworksBuildPhase section */
		4DA9CB96276C2A2800EB8C61 /* Frameworks */ = {
			isa = PBXFrameworksBuildPhase;
			buildActionMask = 2147483647;
			files = (
				2388FFD66B509B138E88004B /* Pods_Taxi.framework in Frameworks */,
			);
			runOnlyForDeploymentPostprocessing = 0;
		};
/* End PBXFrameworksBuildPhase section */

/* Begin PBXGroup section */
		0328C8EFE5E9D1178B72AA48 /* Pods */ = {
			isa = PBXGroup;
			children = (
				56098BA7ADBA5871DF622AAD /* Pods-Taxi.debug.xcconfig */,
				3A9C5436C6FC9103088317E6 /* Pods-Taxi.release.xcconfig */,
			);
			path = Pods;
			sourceTree = "<group>";
		};
		4161A0B841B783F776CCF2D8 /* Frameworks */ = {
			isa = PBXGroup;
			children = (
				7315D42EFE9C9FFADE7C6BAD /* Pods_Taxi.framework */,
			);
			name = Frameworks;
			sourceTree = "<group>";
		};
		4D3EA2DB277799D400CC8BDB /* Lato */ = {
			isa = PBXGroup;
			children = (
				4D3EA2DC277799D400CC8BDB /* Lato-Italic.ttf */,
				4D3EA2DD277799D400CC8BDB /* Lato-LightItalic.ttf */,
				4D3EA2DE277799D400CC8BDB /* Lato-Thin.ttf */,
				4D3EA2DF277799D400CC8BDB /* Lato-Bold.ttf */,
				4D3EA2E0277799D400CC8BDB /* Lato-Black.ttf */,
				4D3EA2E1277799D400CC8BDB /* Lato-Regular.ttf */,
				4D3EA2E2277799D400CC8BDB /* Lato-BlackItalic.ttf */,
				4D3EA2E3277799D400CC8BDB /* OFL.txt */,
				4D3EA2E4277799D400CC8BDB /* Lato-BoldItalic.ttf */,
				4D3EA2E5277799D400CC8BDB /* Lato-Light.ttf */,
				4D3EA2E6277799D400CC8BDB /* Lato-ThinItalic.ttf */,
				4D3EA2F327779A9400CC8BDB /* Lato-Medium.ttf */,
				4D00D1C027779E1300F403DE /* Lato-Semibold.ttf */,
			);
			path = Lato;
			sourceTree = "<group>";
		};
		4D43FD57277903BD0046B43B /* TVC */ = {
			isa = PBXGroup;
			children = (
				4D74CA4E276EC637004E27EB /* TripHistoryTVC.xib */,
			);
			path = TVC;
			sourceTree = "<group>";
		};
		4D74CA4C276EC619004E27EB /* TVC */ = {
			isa = PBXGroup;
			children = (
				4D74CA4D276EC637004E27EB /* TripHistoryTVC.swift */,
			);
			path = TVC;
			sourceTree = "<group>";
		};
		4DA9CB90276C2A2800EB8C61 = {
			isa = PBXGroup;
			children = (
				4DA9CB9B276C2A2800EB8C61 /* Taxi */,
				4DA9CB9A276C2A2800EB8C61 /* Products */,
				0328C8EFE5E9D1178B72AA48 /* Pods */,
				4161A0B841B783F776CCF2D8 /* Frameworks */,
			);
			sourceTree = "<group>";
			usesTabs = 0;
		};
		4DA9CB9A276C2A2800EB8C61 /* Products */ = {
			isa = PBXGroup;
			children = (
				4DA9CB99276C2A2800EB8C61 /* Taxi.app */,
			);
			name = Products;
			sourceTree = "<group>";
		};
		4DA9CB9B276C2A2800EB8C61 /* Taxi */ = {
			isa = PBXGroup;
			children = (
				4DA9CB9C276C2A2800EB8C61 /* AppDelegate.swift */,
				4D3EA2DB277799D400CC8BDB /* Lato */,
				4DA9CBB7276C3D2E00EB8C61 /* Hepler */,
				4DA9CBB4276C2A9600EB8C61 /* Model */,
				4DA9CBB5276C2AA000EB8C61 /* Views */,
				4DA9CBB6276C2AA900EB8C61 /* Controllers */,
				4DA9CBA5276C2A2A00EB8C61 /* Assets.xcassets */,
				4DA9CBA7276C2A2A00EB8C61 /* LaunchScreen.storyboard */,
				4DA9CBAA276C2A2A00EB8C61 /* Info.plist */,
			);
			path = Taxi;
			sourceTree = "<group>";
		};
		4DA9CBB4276C2A9600EB8C61 /* Model */ = {
			isa = PBXGroup;
			children = (
				4D4EC8B5276D1FEA0002F83F /* LocationDM.swift */,
			);
			path = Model;
			sourceTree = "<group>";
		};
		4DA9CBB5276C2AA000EB8C61 /* Views */ = {
			isa = PBXGroup;
			children = (
				4DA9CBB1276C2A9000EB8C61 /* MainVC.xib */,
				4D74CA47276E744B004E27EB /* SideBarVC.xib */,
				4D74CA52276F2BFA004E27EB /* TripDetailVC.xib */,
				4DFA23A12773662E00B01D2F /* TripDetailChildVC.xib */,
				4D43FD57277903BD0046B43B /* TVC */,
			);
			path = Views;
			sourceTree = "<group>";
		};
		4DA9CBB6276C2AA900EB8C61 /* Controllers */ = {
			isa = PBXGroup;
			children = (
				4D4EC8BB276D28280002F83F /* MainVC.swift */,
				4D74CA46276E744B004E27EB /* SideBarVC.swift */,
				4D74CA4A276EC4B3004E27EB /* TripHistoryVC.swift */,
				4D74CA51276F2BFA004E27EB /* TripDetailVC.swift */,
				4DFA23A02773662E00B01D2F /* TripDetailChildVC.swift */,
				4D74CA4C276EC619004E27EB /* TVC */,
			);
			path = Controllers;
			sourceTree = "<group>";
		};
		4DA9CBB7276C3D2E00EB8C61 /* Hepler */ = {
			isa = PBXGroup;
			children = (
				4D4EC8B1276D1C650002F83F /* HighlightButton.swift */,
				4D4EC8BF276D2C610002F83F /* Constant.swift */,
				4DA9CBB8276C3D4000EB8C61 /* Extension.swift */,
				4D4EC8B9276D27E80002F83F /* LocationManager.swift */,
			);
			path = Hepler;
			sourceTree = "<group>";
		};
/* End PBXGroup section */

/* Begin PBXNativeTarget section */
		4DA9CB98276C2A2800EB8C61 /* Taxi */ = {
			isa = PBXNativeTarget;
			buildConfigurationList = 4DA9CBAD276C2A2A00EB8C61 /* Build configuration list for PBXNativeTarget "Taxi" */;
			buildPhases = (
				8FFCE824B2FB1DAF6CCF6D0F /* [CP] Check Pods Manifest.lock */,
				4DA9CB95276C2A2800EB8C61 /* Sources */,
				4DA9CB96276C2A2800EB8C61 /* Frameworks */,
				4DA9CB97276C2A2800EB8C61 /* Resources */,
				77BB4557CAA86384AEC2D72E /* [CP] Copy Pods Resources */,
			);
			buildRules = (
			);
			dependencies = (
			);
			name = Taxi;
			productName = Taxi;
			productReference = 4DA9CB99276C2A2800EB8C61 /* Taxi.app */;
			productType = "com.apple.product-type.application";
		};
/* End PBXNativeTarget section */

/* Begin PBXProject section */
		4DA9CB91276C2A2800EB8C61 /* Project object */ = {
			isa = PBXProject;
			attributes = {
				BuildIndependentTargetsInParallel = 1;
				LastSwiftUpdateCheck = 1320;
				LastUpgradeCheck = 1320;
				TargetAttributes = {
					4DA9CB98276C2A2800EB8C61 = {
						CreatedOnToolsVersion = 13.2;
					};
				};
			};
			buildConfigurationList = 4DA9CB94276C2A2800EB8C61 /* Build configuration list for PBXProject "Taxi" */;
			compatibilityVersion = "Xcode 13.0";
			developmentRegion = en;
			hasScannedForEncodings = 0;
			knownRegions = (
				en,
				Base,
			);
			mainGroup = 4DA9CB90276C2A2800EB8C61;
			productRefGroup = 4DA9CB9A276C2A2800EB8C61 /* Products */;
			projectDirPath = "";
			projectRoot = "";
			targets = (
				4DA9CB98276C2A2800EB8C61 /* Taxi */,
			);
		};
/* End PBXProject section */

/* Begin PBXResourcesBuildPhase section */
		4DA9CB97276C2A2800EB8C61 /* Resources */ = {
			isa = PBXResourcesBuildPhase;
			buildActionMask = 2147483647;
			files = (
				4D3EA2F0277799D400CC8BDB /* Lato-Light.ttf in Resources */,
				4D3EA2F1277799D400CC8BDB /* Lato-ThinItalic.ttf in Resources */,
				4D3EA2EE277799D400CC8BDB /* OFL.txt in Resources */,
				4D3EA2EA277799D400CC8BDB /* Lato-Bold.ttf in Resources */,
				4D3EA2F527779A9400CC8BDB /* Lato-Medium.ttf in Resources */,
				4DA9CBB3276C2A9000EB8C61 /* MainVC.xib in Resources */,
				4D3EA2EF277799D400CC8BDB /* Lato-BoldItalic.ttf in Resources */,
				4D3EA2ED277799D400CC8BDB /* Lato-BlackItalic.ttf in Resources */,
				4D74CA54276F2BFA004E27EB /* TripDetailVC.xib in Resources */,
				4DFA23A32773662E00B01D2F /* TripDetailChildVC.xib in Resources */,
				4D3EA2EB277799D400CC8BDB /* Lato-Black.ttf in Resources */,
				4DA9CBA9276C2A2A00EB8C61 /* LaunchScreen.storyboard in Resources */,
				4DA9CBA6276C2A2A00EB8C61 /* Assets.xcassets in Resources */,
				4D74CA49276E744B004E27EB /* SideBarVC.xib in Resources */,
				4D3EA2E7277799D400CC8BDB /* Lato-Italic.ttf in Resources */,
				4D3EA2E9277799D400CC8BDB /* Lato-Thin.ttf in Resources */,
				4D3EA2EC277799D400CC8BDB /* Lato-Regular.ttf in Resources */,
				4D3EA2E8277799D400CC8BDB /* Lato-LightItalic.ttf in Resources */,
				4D74CA50276EC637004E27EB /* TripHistoryTVC.xib in Resources */,
			);
			runOnlyForDeploymentPostprocessing = 0;
		};
/* End PBXResourcesBuildPhase section */

/* Begin PBXShellScriptBuildPhase section */
		77BB4557CAA86384AEC2D72E /* [CP] Copy Pods Resources */ = {
			isa = PBXShellScriptBuildPhase;
			buildActionMask = 2147483647;
			files = (
			);
			inputFileListPaths = (
				"${PODS_ROOT}/Target Support Files/Pods-Taxi/Pods-Taxi-resources-${CONFIGURATION}-input-files.xcfilelist",
			);
			name = "[CP] Copy Pods Resources";
			outputFileListPaths = (
				"${PODS_ROOT}/Target Support Files/Pods-Taxi/Pods-Taxi-resources-${CONFIGURATION}-output-files.xcfilelist",
			);
			runOnlyForDeploymentPostprocessing = 0;
			shellPath = /bin/sh;
			shellScript = "\"${PODS_ROOT}/Target Support Files/Pods-Taxi/Pods-Taxi-resources.sh\"\n";
			showEnvVarsInLog = 0;
		};
		8FFCE824B2FB1DAF6CCF6D0F /* [CP] Check Pods Manifest.lock */ = {
			isa = PBXShellScriptBuildPhase;
			buildActionMask = 2147483647;
			files = (
			);
			inputFileListPaths = (
			);
			inputPaths = (
				"${PODS_PODFILE_DIR_PATH}/Podfile.lock",
				"${PODS_ROOT}/Manifest.lock",
			);
			name = "[CP] Check Pods Manifest.lock";
			outputFileListPaths = (
			);
			outputPaths = (
				"$(DERIVED_FILE_DIR)/Pods-Taxi-checkManifestLockResult.txt",
			);
			runOnlyForDeploymentPostprocessing = 0;
			shellPath = /bin/sh;
			shellScript = "diff \"${PODS_PODFILE_DIR_PATH}/Podfile.lock\" \"${PODS_ROOT}/Manifest.lock\" > /dev/null\nif [ $? != 0 ] ; then\n    # print error to STDERR\n    echo \"error: The sandbox is not in sync with the Podfile.lock. Run 'pod install' or update your CocoaPods installation.\" >&2\n    exit 1\nfi\n# This output is used by Xcode 'outputs' to avoid re-running this script phase.\necho \"SUCCESS\" > \"${SCRIPT_OUTPUT_FILE_0}\"\n";
			showEnvVarsInLog = 0;
		};
/* End PBXShellScriptBuildPhase section */

/* Begin PBXSourcesBuildPhase section */
		4DA9CB95276C2A2800EB8C61 /* Sources */ = {
			isa = PBXSourcesBuildPhase;
			buildActionMask = 2147483647;
			files = (
				4D74CA53276F2BFA004E27EB /* TripDetailVC.swift in Sources */,
				4D4EC8B2276D1C650002F83F /* HighlightButton.swift in Sources */,
				4D74CA4F276EC637004E27EB /* TripHistoryTVC.swift in Sources */,
				4DFA23A22773662E00B01D2F /* TripDetailChildVC.swift in Sources */,
				4D4EC8C0276D2C620002F83F /* Constant.swift in Sources */,
				4D4EC8BC276D28280002F83F /* MainVC.swift in Sources */,
				4DA9CBB9276C3D4100EB8C61 /* Extension.swift in Sources */,
				4D74CA48276E744B004E27EB /* SideBarVC.swift in Sources */,
				4D4EC8BA276D27E80002F83F /* LocationManager.swift in Sources */,
				4D4EC8B6276D1FEA0002F83F /* LocationDM.swift in Sources */,
				4D74CA4B276EC4B3004E27EB /* TripHistoryVC.swift in Sources */,
				4DA9CB9D276C2A2800EB8C61 /* AppDelegate.swift in Sources */,
			);
			runOnlyForDeploymentPostprocessing = 0;
		};
/* End PBXSourcesBuildPhase section */

/* Begin PBXVariantGroup section */
		4DA9CBA7276C2A2A00EB8C61 /* LaunchScreen.storyboard */ = {
			isa = PBXVariantGroup;
			children = (
				4DA9CBA8276C2A2A00EB8C61 /* Base */,
			);
			name = LaunchScreen.storyboard;
			sourceTree = "<group>";
		};
/* End PBXVariantGroup section */

/* Begin XCBuildConfiguration section */
		4DA9CBAB276C2A2A00EB8C61 /* Debug */ = {
			isa = XCBuildConfiguration;
			buildSettings = {
				ALWAYS_SEARCH_USER_PATHS = NO;
				CLANG_ANALYZER_NONNULL = YES;
				CLANG_ANALYZER_NUMBER_OBJECT_CONVERSION = YES_AGGRESSIVE;
				CLANG_CXX_LANGUAGE_STANDARD = "gnu++17";
				CLANG_CXX_LIBRARY = "libc++";
				CLANG_ENABLE_MODULES = YES;
				CLANG_ENABLE_OBJC_ARC = YES;
				CLANG_ENABLE_OBJC_WEAK = YES;
				CLANG_WARN_BLOCK_CAPTURE_AUTORELEASING = YES;
				CLANG_WARN_BOOL_CONVERSION = YES;
				CLANG_WARN_COMMA = YES;
				CLANG_WARN_CONSTANT_CONVERSION = YES;
				CLANG_WARN_DEPRECATED_OBJC_IMPLEMENTATIONS = YES;
				CLANG_WARN_DIRECT_OBJC_ISA_USAGE = YES_ERROR;
				CLANG_WARN_DOCUMENTATION_COMMENTS = YES;
				CLANG_WARN_EMPTY_BODY = YES;
				CLANG_WARN_ENUM_CONVERSION = YES;
				CLANG_WARN_INFINITE_RECURSION = YES;
				CLANG_WARN_INT_CONVERSION = YES;
				CLANG_WARN_NON_LITERAL_NULL_CONVERSION = YES;
				CLANG_WARN_OBJC_IMPLICIT_RETAIN_SELF = YES;
				CLANG_WARN_OBJC_LITERAL_CONVERSION = YES;
				CLANG_WARN_OBJC_ROOT_CLASS = YES_ERROR;
				CLANG_WARN_QUOTED_INCLUDE_IN_FRAMEWORK_HEADER = YES;
				CLANG_WARN_RANGE_LOOP_ANALYSIS = YES;
				CLANG_WARN_STRICT_PROTOTYPES = YES;
				CLANG_WARN_SUSPICIOUS_MOVE = YES;
				CLANG_WARN_UNGUARDED_AVAILABILITY = YES_AGGRESSIVE;
				CLANG_WARN_UNREACHABLE_CODE = YES;
				CLANG_WARN__DUPLICATE_METHOD_MATCH = YES;
				COPY_PHASE_STRIP = NO;
				DEBUG_INFORMATION_FORMAT = dwarf;
				ENABLE_STRICT_OBJC_MSGSEND = YES;
				ENABLE_TESTABILITY = YES;
				GCC_C_LANGUAGE_STANDARD = gnu11;
				GCC_DYNAMIC_NO_PIC = NO;
				GCC_NO_COMMON_BLOCKS = YES;
				GCC_OPTIMIZATION_LEVEL = 0;
				GCC_PREPROCESSOR_DEFINITIONS = (
					"DEBUG=1",
					"$(inherited)",
				);
				GCC_WARN_64_TO_32_BIT_CONVERSION = YES;
				GCC_WARN_ABOUT_RETURN_TYPE = YES_ERROR;
				GCC_WARN_UNDECLARED_SELECTOR = YES;
				GCC_WARN_UNINITIALIZED_AUTOS = YES_AGGRESSIVE;
				GCC_WARN_UNUSED_FUNCTION = YES;
				GCC_WARN_UNUSED_VARIABLE = YES;
				IPHONEOS_DEPLOYMENT_TARGET = 11.0;
				MTL_ENABLE_DEBUG_INFO = INCLUDE_SOURCE;
				MTL_FAST_MATH = YES;
				ONLY_ACTIVE_ARCH = YES;
				SDKROOT = iphoneos;
				SWIFT_ACTIVE_COMPILATION_CONDITIONS = DEBUG;
				SWIFT_OPTIMIZATION_LEVEL = "-Onone";
			};
			name = Debug;
		};
		4DA9CBAC276C2A2A00EB8C61 /* Release */ = {
			isa = XCBuildConfiguration;
			buildSettings = {
				ALWAYS_SEARCH_USER_PATHS = NO;
				CLANG_ANALYZER_NONNULL = YES;
				CLANG_ANALYZER_NUMBER_OBJECT_CONVERSION = YES_AGGRESSIVE;
				CLANG_CXX_LANGUAGE_STANDARD = "gnu++17";
				CLANG_CXX_LIBRARY = "libc++";
				CLANG_ENABLE_MODULES = YES;
				CLANG_ENABLE_OBJC_ARC = YES;
				CLANG_ENABLE_OBJC_WEAK = YES;
				CLANG_WARN_BLOCK_CAPTURE_AUTORELEASING = YES;
				CLANG_WARN_BOOL_CONVERSION = YES;
				CLANG_WARN_COMMA = YES;
				CLANG_WARN_CONSTANT_CONVERSION = YES;
				CLANG_WARN_DEPRECATED_OBJC_IMPLEMENTATIONS = YES;
				CLANG_WARN_DIRECT_OBJC_ISA_USAGE = YES_ERROR;
				CLANG_WARN_DOCUMENTATION_COMMENTS = YES;
				CLANG_WARN_EMPTY_BODY = YES;
				CLANG_WARN_ENUM_CONVERSION = YES;
				CLANG_WARN_INFINITE_RECURSION = YES;
				CLANG_WARN_INT_CONVERSION = YES;
				CLANG_WARN_NON_LITERAL_NULL_CONVERSION = YES;
				CLANG_WARN_OBJC_IMPLICIT_RETAIN_SELF = YES;
				CLANG_WARN_OBJC_LITERAL_CONVERSION = YES;
				CLANG_WARN_OBJC_ROOT_CLASS = YES_ERROR;
				CLANG_WARN_QUOTED_INCLUDE_IN_FRAMEWORK_HEADER = YES;
				CLANG_WARN_RANGE_LOOP_ANALYSIS = YES;
				CLANG_WARN_STRICT_PROTOTYPES = YES;
				CLANG_WARN_SUSPICIOUS_MOVE = YES;
				CLANG_WARN_UNGUARDED_AVAILABILITY = YES_AGGRESSIVE;
				CLANG_WARN_UNREACHABLE_CODE = YES;
				CLANG_WARN__DUPLICATE_METHOD_MATCH = YES;
				COPY_PHASE_STRIP = NO;
				DEBUG_INFORMATION_FORMAT = "dwarf-with-dsym";
				ENABLE_NS_ASSERTIONS = NO;
				ENABLE_STRICT_OBJC_MSGSEND = YES;
				GCC_C_LANGUAGE_STANDARD = gnu11;
				GCC_NO_COMMON_BLOCKS = YES;
				GCC_WARN_64_TO_32_BIT_CONVERSION = YES;
				GCC_WARN_ABOUT_RETURN_TYPE = YES_ERROR;
				GCC_WARN_UNDECLARED_SELECTOR = YES;
				GCC_WARN_UNINITIALIZED_AUTOS = YES_AGGRESSIVE;
				GCC_WARN_UNUSED_FUNCTION = YES;
				GCC_WARN_UNUSED_VARIABLE = YES;
				IPHONEOS_DEPLOYMENT_TARGET = 11.0;
				MTL_ENABLE_DEBUG_INFO = NO;
				MTL_FAST_MATH = YES;
				SDKROOT = iphoneos;
				SWIFT_COMPILATION_MODE = wholemodule;
				SWIFT_OPTIMIZATION_LEVEL = "-O";
				VALIDATE_PRODUCT = YES;
			};
			name = Release;
		};
		4DA9CBAE276C2A2A00EB8C61 /* Debug */ = {
			isa = XCBuildConfiguration;
			baseConfigurationReference = 56098BA7ADBA5871DF622AAD /* Pods-Taxi.debug.xcconfig */;
			buildSettings = {
				ASSETCATALOG_COMPILER_APPICON_NAME = AppIcon;
				ASSETCATALOG_COMPILER_GLOBAL_ACCENT_COLOR_NAME = AccentColor;
				CODE_SIGN_STYLE = Automatic;
				CURRENT_PROJECT_VERSION = 1;
				DEVELOPMENT_TEAM = KZ9ZFJVL8G;
				GENERATE_INFOPLIST_FILE = YES;
				INFOPLIST_FILE = Taxi/Info.plist;
				INFOPLIST_KEY_CFBundleDisplayName = "";
				INFOPLIST_KEY_LSApplicationCategoryType = "";
				INFOPLIST_KEY_NSLocationAlwaysAndWhenInUseUsageDescription = "Please allow access to see your location.";
				INFOPLIST_KEY_NSLocationAlwaysUsageDescription = "Please allow access to see your location.";
				INFOPLIST_KEY_NSLocationUsageDescription = "Please allow access to see your location.";
				INFOPLIST_KEY_NSLocationWhenInUseUsageDescription = "Please allow access to see your location.";
				INFOPLIST_KEY_UIApplicationSupportsIndirectInputEvents = YES;
				INFOPLIST_KEY_UILaunchStoryboardName = LaunchScreen;
				INFOPLIST_KEY_UISupportedInterfaceOrientations = UIInterfaceOrientationPortrait;
				INFOPLIST_KEY_UISupportedInterfaceOrientations_iPad = "UIInterfaceOrientationPortrait UIInterfaceOrientationPortraitUpsideDown UIInterfaceOrientationLandscapeLeft UIInterfaceOrientationLandscapeRight";
				INFOPLIST_KEY_UISupportedInterfaceOrientations_iPhone = "UIInterfaceOrientationPortrait UIInterfaceOrientationLandscapeLeft UIInterfaceOrientationLandscapeRight";
				LD_RUNPATH_SEARCH_PATHS = (
					"$(inherited)",
					"@executable_path/Frameworks",
				);
				MARKETING_VERSION = 1.0;
				PRODUCT_BUNDLE_IDENTIFIER = Siddikjon.Taxi;
				PRODUCT_NAME = "$(TARGET_NAME)";
				SWIFT_EMIT_LOC_STRINGS = YES;
				SWIFT_VERSION = 5.0;
				TARGETED_DEVICE_FAMILY = 1;
			};
			name = Debug;
		};
		4DA9CBAF276C2A2A00EB8C61 /* Release */ = {
			isa = XCBuildConfiguration;
			baseConfigurationReference = 3A9C5436C6FC9103088317E6 /* Pods-Taxi.release.xcconfig */;
			buildSettings = {
				ASSETCATALOG_COMPILER_APPICON_NAME = AppIcon;
				ASSETCATALOG_COMPILER_GLOBAL_ACCENT_COLOR_NAME = AccentColor;
				CODE_SIGN_STYLE = Automatic;
				CURRENT_PROJECT_VERSION = 1;
				DEVELOPMENT_TEAM = KZ9ZFJVL8G;
				GENERATE_INFOPLIST_FILE = YES;
				INFOPLIST_FILE = Taxi/Info.plist;
				INFOPLIST_KEY_CFBundleDisplayName = "";
				INFOPLIST_KEY_LSApplicationCategoryType = "";
				INFOPLIST_KEY_NSLocationAlwaysAndWhenInUseUsageDescription = "Please allow access to see your location.";
				INFOPLIST_KEY_NSLocationAlwaysUsageDescription = "Please allow access to see your location.";
				INFOPLIST_KEY_NSLocationUsageDescription = "Please allow access to see your location.";
				INFOPLIST_KEY_NSLocationWhenInUseUsageDescription = "Please allow access to see your location.";
				INFOPLIST_KEY_UIApplicationSupportsIndirectInputEvents = YES;
				INFOPLIST_KEY_UILaunchStoryboardName = LaunchScreen;
				INFOPLIST_KEY_UISupportedInterfaceOrientations = UIInterfaceOrientationPortrait;
				INFOPLIST_KEY_UISupportedInterfaceOrientations_iPad = "UIInterfaceOrientationPortrait UIInterfaceOrientationPortraitUpsideDown UIInterfaceOrientationLandscapeLeft UIInterfaceOrientationLandscapeRight";
				INFOPLIST_KEY_UISupportedInterfaceOrientations_iPhone = "UIInterfaceOrientationPortrait UIInterfaceOrientationLandscapeLeft UIInterfaceOrientationLandscapeRight";
				LD_RUNPATH_SEARCH_PATHS = (
					"$(inherited)",
					"@executable_path/Frameworks",
				);
				MARKETING_VERSION = 1.0;
				PRODUCT_BUNDLE_IDENTIFIER = Siddikjon.Taxi;
				PRODUCT_NAME = "$(TARGET_NAME)";
				SWIFT_EMIT_LOC_STRINGS = YES;
				SWIFT_VERSION = 5.0;
				TARGETED_DEVICE_FAMILY = 1;
			};
			name = Release;
		};
/* End XCBuildConfiguration section */

/* Begin XCConfigurationList section */
		4DA9CB94276C2A2800EB8C61 /* Build configuration list for PBXProject "Taxi" */ = {
			isa = XCConfigurationList;
			buildConfigurations = (
				4DA9CBAB276C2A2A00EB8C61 /* Debug */,
				4DA9CBAC276C2A2A00EB8C61 /* Release */,
			);
			defaultConfigurationIsVisible = 0;
			defaultConfigurationName = Release;
		};
		4DA9CBAD276C2A2A00EB8C61 /* Build configuration list for PBXNativeTarget "Taxi" */ = {
			isa = XCConfigurationList;
			buildConfigurations = (
				4DA9CBAE276C2A2A00EB8C61 /* Debug */,
				4DA9CBAF276C2A2A00EB8C61 /* Release */,
			);
			defaultConfigurationIsVisible = 0;
			defaultConfigurationName = Release;
		};
/* End XCConfigurationList section */
	};
	rootObject = 4DA9CB91276C2A2800EB8C61 /* Project object */;
}
